# THIS IS AN AUTOGENERATED FILE. DO NOT EDIT THIS FILE DIRECTLY.
# yarn lockfile v1


atoa@1.0.0:
  version "1.0.0"
  resolved "https://registry.yarnpkg.com/atoa/-/atoa-1.0.0.tgz#0cc0e91a480e738f923ebc103676471779b34a49"

browser-cookies@^1.2.0:
  version "1.2.0"
  resolved "https://registry.yarnpkg.com/browser-cookies/-/browser-cookies-1.2.0.tgz#fca3ffb9b6a63aadc4d8c0999c6b57d0fa7d29b5"

choices.js@3.0.3:
  version "3.0.3"
  resolved "https://registry.yarnpkg.com/choices.js/-/choices.js-3.0.3.tgz#28aa0e96328c22ae074be5fe6e9eda5384e54b45"
  dependencies:
    classnames "^2.2.5"
    fuse.js "^2.2.2"
    opn "^5.1.0"
    redux "^3.3.1"

classnames@^2.2.5:
  version "2.2.5"
  resolved "https://registry.yarnpkg.com/classnames/-/classnames-2.2.5.tgz#fb3801d453467649ef3603c7d61a02bd129bde6d"

contra@1.9.4:
  version "1.9.4"
  resolved "https://registry.yarnpkg.com/contra/-/contra-1.9.4.tgz#f53bde42d7e5b5985cae4d99a8d610526de8f28d"
  dependencies:
    atoa "1.0.0"
    ticky "1.0.1"

crossvent@1.5.4:
  version "1.5.4"
  resolved "https://registry.yarnpkg.com/crossvent/-/crossvent-1.5.4.tgz#da2c4f8f40c94782517bf2beec1044148194ab92"
  dependencies:
    custom-event "1.0.0"

custom-event@1.0.0:
  version "1.0.0"
  resolved "https://registry.yarnpkg.com/custom-event/-/custom-event-1.0.0.tgz#2e4628be19dc4b214b5c02630c5971e811618062"

dialog-polyfill@^0.4.9:
  version "0.4.9"
  resolved "https://registry.yarnpkg.com/dialog-polyfill/-/dialog-polyfill-0.4.9.tgz#c690b3727c3d82e0f947bd5b910b32af8a2ef57d"

dragula@^3.7.2:
  version "3.7.2"
  resolved "https://registry.yarnpkg.com/dragula/-/dragula-3.7.2.tgz#4a35c9d3981ffac1a949c29ca7285058e87393ce"
  dependencies:
    contra "1.9.4"
    crossvent "1.5.4"

eventemitter2@^5.0.1:
  version "5.0.1"
  resolved "https://registry.yarnpkg.com/eventemitter2/-/eventemitter2-5.0.1.tgz#6197a095d5fb6b57e8942f6fd7eaad63a09c9452"

flatpickr@^4.4.3:
  version "4.4.4"
  resolved "https://registry.yarnpkg.com/flatpickr/-/flatpickr-4.4.4.tgz#fdeb083ca3d580eecb822a4080f67b06f0294fc7"

font-awesome@^4.7.0:
  version "4.7.0"
  resolved "https://registry.yarnpkg.com/font-awesome/-/font-awesome-4.7.0.tgz#8fa8cf0411a1a31afd07b06d2902bb9fc815a133"

formiojs@^2.31.3:
  version "2.31.3"
  resolved "https://registry.yarnpkg.com/formiojs/-/formiojs-2.31.3.tgz#cb607a15027b506b3c712940ced010c8a5d7d89d"
  dependencies:
    browser-cookies "^1.2.0"
    choices.js "3.0.3"
    dialog-polyfill "^0.4.9"
    dragula "^3.7.2"
    eventemitter2 "^5.0.1"
    flatpickr "^4.4.3"
    font-awesome "^4.7.0"
    i18next "^10.5.0"
    json-logic-js "^1.2.2"
    lodash "^4.17.5"
    moment "^2.22.0"
    native-promise-only "^0.8.1"
    shallow-copy "0.0.1"
    signature_pad "^2.3.0"
    text-mask-addons "^3.7.2"
    tooltip.js "^1.1.7"
    vanilla-text-mask "^5.0.1"
    whatwg-fetch "^2.0.4"

fuse.js@^2.2.2:
  version "2.7.4"
  resolved "https://registry.yarnpkg.com/fuse.js/-/fuse.js-2.7.4.tgz#96e420fde7ef011ac49c258a621314fe576536f9"

i18next@^10.5.0:
  version "10.6.0"
  resolved "https://registry.yarnpkg.com/i18next/-/i18next-10.6.0.tgz#90ffd9f9bc617f34b9a12e037260f524445f7684"

is-wsl@^1.1.0:
  version "1.1.0"
  resolved "https://registry.yarnpkg.com/is-wsl/-/is-wsl-1.1.0.tgz#1f16e4aa22b04d1336b66188a66af3c600c3a66d"

js-tokens@^3.0.0:
  version "3.0.2"
  resolved "https://registry.yarnpkg.com/js-tokens/-/js-tokens-3.0.2.tgz#9866df395102130e38f7f996bceb65443209c25b"

json-logic-js@^1.2.2:
  version "1.2.2"
  resolved "https://registry.yarnpkg.com/json-logic-js/-/json-logic-js-1.2.2.tgz#e5c382aa6df25df485edead339869396c533afe8"

lodash-es@^4.2.1:
  version "4.17.10"
  resolved "https://registry.yarnpkg.com/lodash-es/-/lodash-es-4.17.10.tgz#62cd7104cdf5dd87f235a837f0ede0e8e5117e05"

lodash@^4.17.5, lodash@^4.2.1:
  version "4.17.10"
  resolved "https://registry.yarnpkg.com/lodash/-/lodash-4.17.10.tgz#1b7793cf7259ea38fb3661d4d38b3260af8ae4e7"

loose-envify@^1.1.0:
  version "1.3.1"
  resolved "https://registry.yarnpkg.com/loose-envify/-/loose-envify-1.3.1.tgz#d1a8ad33fa9ce0e713d65fdd0ac8b748d478c848"
  dependencies:
    js-tokens "^3.0.0"

moment@^2.22.0:
  version "2.22.1"
  resolved "https://registry.yarnpkg.com/moment/-/moment-2.22.1.tgz#529a2e9bf973f259c9643d237fda84de3a26e8ad"

native-promise-only@^0.8.1:
  version "0.8.1"
  resolved "https://registry.yarnpkg.com/native-promise-only/-/native-promise-only-0.8.1.tgz#20a318c30cb45f71fe7adfbf7b21c99c1472ef11"

opn@^5.1.0:
  version "5.3.0"
  resolved "https://registry.yarnpkg.com/opn/-/opn-5.3.0.tgz#64871565c863875f052cfdf53d3e3cb5adb53b1c"
  dependencies:
    is-wsl "^1.1.0"

popper.js@^1.0.2:
  version "1.14.3"
  resolved "https://registry.yarnpkg.com/popper.js/-/popper.js-1.14.3.tgz#1438f98d046acf7b4d78cd502bf418ac64d4f095"

redux@^3.3.1:
  version "3.7.2"
  resolved "https://registry.yarnpkg.com/redux/-/redux-3.7.2.tgz#06b73123215901d25d065be342eb026bc1c8537b"
  dependencies:
    lodash "^4.2.1"
    lodash-es "^4.2.1"
    loose-envify "^1.1.0"
    symbol-observable "^1.0.3"

shallow-copy@0.0.1:
  version "0.0.1"
  resolved "https://registry.yarnpkg.com/shallow-copy/-/shallow-copy-0.0.1.tgz#415f42702d73d810330292cc5ee86eae1a11a170"

signature_pad@^2.3.0:
  version "2.3.2"
  resolved "https://registry.yarnpkg.com/signature_pad/-/signature_pad-2.3.2.tgz#ca7230021c89cedeead27b33d8d16ff254e5f04a"

symbol-observable@^1.0.3:
  version "1.2.0"
  resolved "https://registry.yarnpkg.com/symbol-observable/-/symbol-observable-1.2.0.tgz#c22688aed4eab3cdc2dfeacbb561660560a00804"

text-mask-addons@^3.7.2:
  version "3.7.2"
  resolved "https://registry.yarnpkg.com/text-mask-addons/-/text-mask-addons-3.7.2.tgz#56d34780c94f2ee593a77de6e79b55d56f8a8bb8"

ticky@1.0.1:
  version "1.0.1"
  resolved "https://registry.yarnpkg.com/ticky/-/ticky-1.0.1.tgz#b7cfa71e768f1c9000c497b9151b30947c50e46d"

tooltip.js@^1.1.7:
  version "1.2.0"
  resolved "https://registry.yarnpkg.com/tooltip.js/-/tooltip.js-1.2.0.tgz#8b16482f04397f4f9d7387843dccf186890c8860"
  dependencies:
    popper.js "^1.0.2"

vanilla-text-mask@^5.0.1:
  version "5.0.2"
  resolved "https://registry.yarnpkg.com/vanilla-text-mask/-/vanilla-text-mask-5.0.2.tgz#ac5e5f881d25c484fe0588be7b9b27d7e587b79f"

whatwg-fetch@^2.0.4:
  version "2.0.4"
  resolved "https://registry.yarnpkg.com/whatwg-fetch/-/whatwg-fetch-2.0.4.tgz#dde6a5df315f9d39991aa17621853d720b85566f"
